// !$*UTF8*$!
{
	archiveVersion = 1;
	classes = {
	};
	objectVersion = 56;
	objects = {

/* Begin PBXBuildFile section */
		D2BB6CE2A81544B59FF345EB /* WordModels.swift in Sources */ = {isa = PBXBuildFile; fileRef = 08B3913C1F964F4AA1D3B7DC /* WordModels.swift */; };
		5669B2A1666543ED86447561 /* WordStore.swift in Sources */ = {isa = PBXBuildFile; fileRef = A228589344A44DAC83C9AE7A /* WordStore.swift */; };
		F9E5929613A9410D822CFE39 /* WordSchedule.swift in Sources */ = {isa = PBXBuildFile; fileRef = 096616B0FB1C4BAB962913C1 /* WordSchedule.swift */; };
		1BB545C91C674540A77ABC1A /* WordVisualView.swift in Sources */ = {isa = PBXBuildFile; fileRef = 5F7153EB38A84C2A809CE0C1 /* WordVisualView.swift */; };
		6C1DFFEA0B824A3389C7C4C5 /* EnglishWordKidsApp.swift in Sources */ = {isa = PBXBuildFile; fileRef = 5A9D86CCEA5945C292404758 /* EnglishWordKidsApp.swift */; };
		04C47544EBD74E3A9A27C517 /* RootView.swift in Sources */ = {isa = PBXBuildFile; fileRef = FC09BE2E2E6249C9B316D11F /* RootView.swift */; };
		FEEADE5DA8FE4EB2A896AB18 /* TodayView.swift in Sources */ = {isa = PBXBuildFile; fileRef = EC5556267E234DFC8491F5DA /* TodayView.swift */; };
		A45AE9C65B23434B985B55E1 /* FlashcardView.swift in Sources */ = {isa = PBXBuildFile; fileRef = BFFCCF55BD9740FBBDA813E0 /* FlashcardView.swift */; };
		91F1B6B21A3749AB90DE770D /* BrowseView.swift in Sources */ = {isa = PBXBuildFile; fileRef = 540191D9C28643FF910996E9 /* BrowseView.swift */; };
		A7782A15FDA243DA8D7A1DF1 /* SpeechHelper.swift in Sources */ = {isa = PBXBuildFile; fileRef = 59E3AF6705524337968DFED6 /* SpeechHelper.swift */; };
		7904C89A96E242E3A096ACDF /* Assets.xcassets in Resources */ = {isa = PBXBuildFile; fileRef = 7AFC8444610F44F593D7B547 /* Assets.xcassets */; };
		2A611346D0A949AD9B3EE05E /* words.json in Resources */ = {isa = PBXBuildFile; fileRef = 46252D44208641C0BE01D9E8 /* words.json */; };
		329F729759C64C469B178D65 /* WordModels.swift in Sources */ = {isa = PBXBuildFile; fileRef = 08B3913C1F964F4AA1D3B7DC /* WordModels.swift */; };
		20D46DB78B0C4CA89466AF52 /* WordStore.swift in Sources */ = {isa = PBXBuildFile; fileRef = A228589344A44DAC83C9AE7A /* WordStore.swift */; };
		250A12FFAB4342D18D8E0A52 /* WordSchedule.swift in Sources */ = {isa = PBXBuildFile; fileRef = 096616B0FB1C4BAB962913C1 /* WordSchedule.swift */; };
		8918149DFF144A5C93843069 /* WordVisualView.swift in Sources */ = {isa = PBXBuildFile; fileRef = 5F7153EB38A84C2A809CE0C1 /* WordVisualView.swift */; };
		EB24359375A149C99F13BC71 /* EnglishWordKidsWidgetBundle.swift in Sources */ = {isa = PBXBuildFile; fileRef = AEE03389445F4DA785F23E75 /* EnglishWordKidsWidgetBundle.swift */; };
		52F8F82FDCF64CBEADF62AD1 /* EnglishWordKidsWidget.swift in Sources */ = {isa = PBXBuildFile; fileRef = B6EDF98C1D734D0488BEC45D /* EnglishWordKidsWidget.swift */; };
		7C30AE8031544413A4D6099A /* words.json in Resources */ = {isa = PBXBuildFile; fileRef = 46252D44208641C0BE01D9E8 /* words.json */; };
		D69F254A9AB0409A9BD6E04B /* EnglishWordKidsWidget.appex in Embed Foundation Extensions */ = {isa = PBXBuildFile; fileRef = 124835260D6541239DF9E671 /* EnglishWordKidsWidget.appex */; settings = {ATTRIBUTES = (RemoveHeadersOnCopy, ); }; };
		C56C80754A864F74AA4B31D1 /* WidgetKit.framework in Frameworks */ = {isa = PBXBuildFile; fileRef = 53A1800158EC4E01A62EE186 /* WidgetKit.framework */; };
		59671F760D18497B97A635D2 /* SwiftUI.framework in Frameworks */ = {isa = PBXBuildFile; fileRef = 8430EAE45BDE40BF9A35026B /* SwiftUI.framework */; };
/* End PBXBuildFile section */

/* Begin PBXContainerItemProxy section */
		231C53349B4D48EDB3724F04 /* PBXContainerItemProxy */ = {
			isa = PBXContainerItemProxy;
			containerPortal = 0DF65C99FABA47959D40C049 /* Project object */;
			proxyType = 1;
			remoteGlobalIDString = 63ADE2D096DD447988D6E5A0;
			remoteInfo = EnglishWordKidsWidget;
		};
/* End PBXContainerItemProxy section */

/* Begin PBXCopyFilesBuildPhase section */
		D8994146BAD7406F8A482FD0 /* Embed Foundation Extensions */ = {
			isa = PBXCopyFilesBuildPhase;
			buildActionMask = 2147483647;
			dstPath = "";
			dstSubfolderSpec = 13;
			files = (
				D69F254A9AB0409A9BD6E04B /* EnglishWordKidsWidget.appex in Embed Foundation Extensions */,
			);
			name = "Embed Foundation Extensions";
			runOnlyForDeploymentPostprocessing = 0;
		};
/* End PBXCopyFilesBuildPhase section */

/* Begin PBXFileReference section */
		0CC85A4DC63042239FA6B4FD /* EnglishWordKids.app */ = {isa = PBXFileReference; explicitFileType = wrapper.application; includeInIndex = 0; path = EnglishWordKids.app; sourceTree = BUILT_PRODUCTS_DIR; };
		124835260D6541239DF9E671 /* EnglishWordKidsWidget.appex */ = {isa = PBXFileReference; explicitFileType = "wrapper.app-extension"; includeInIndex = 0; path = EnglishWordKidsWidget.appex; sourceTree = BUILT_PRODUCTS_DIR; };
		53A1800158EC4E01A62EE186 /* WidgetKit.framework */ = {isa = PBXFileReference; lastKnownFileType = wrapper.framework; name = WidgetKit.framework; path = System/Library/Frameworks/WidgetKit.framework; sourceTree = SDKROOT; };
		8430EAE45BDE40BF9A35026B /* SwiftUI.framework */ = {isa = PBXFileReference; lastKnownFileType = wrapper.framework; name = SwiftUI.framework; path = System/Library/Frameworks/SwiftUI.framework; sourceTree = SDKROOT; };
		08B3913C1F964F4AA1D3B7DC /* WordModels.swift */ = {isa = PBXFileReference; lastKnownFileType = sourcecode.swift; path = WordModels.swift; sourceTree = "<group>"; };
		A228589344A44DAC83C9AE7A /* WordStore.swift */ = {isa = PBXFileReference; lastKnownFileType = sourcecode.swift; path = WordStore.swift; sourceTree = "<group>"; };
		096616B0FB1C4BAB962913C1 /* WordSchedule.swift */ = {isa = PBXFileReference; lastKnownFileType = sourcecode.swift; path = WordSchedule.swift; sourceTree = "<group>"; };
		5F7153EB38A84C2A809CE0C1 /* WordVisualView.swift */ = {isa = PBXFileReference; lastKnownFileType = sourcecode.swift; path = WordVisualView.swift; sourceTree = "<group>"; };
		5A9D86CCEA5945C292404758 /* EnglishWordKidsApp.swift */ = {isa = PBXFileReference; lastKnownFileType = sourcecode.swift; path = EnglishWordKidsApp.swift; sourceTree = "<group>"; };
		FC09BE2E2E6249C9B316D11F /* RootView.swift */ = {isa = PBXFileReference; lastKnownFileType = sourcecode.swift; path = RootView.swift; sourceTree = "<group>"; };
		EC5556267E234DFC8491F5DA /* TodayView.swift */ = {isa = PBXFileReference; lastKnownFileType = sourcecode.swift; path = TodayView.swift; sourceTree = "<group>"; };
		BFFCCF55BD9740FBBDA813E0 /* FlashcardView.swift */ = {isa = PBXFileReference; lastKnownFileType = sourcecode.swift; path = FlashcardView.swift; sourceTree = "<group>"; };
		540191D9C28643FF910996E9 /* BrowseView.swift */ = {isa = PBXFileReference; lastKnownFileType = sourcecode.swift; path = BrowseView.swift; sourceTree = "<group>"; };
		59E3AF6705524337968DFED6 /* SpeechHelper.swift */ = {isa = PBXFileReference; lastKnownFileType = sourcecode.swift; path = SpeechHelper.swift; sourceTree = "<group>"; };
		7AFC8444610F44F593D7B547 /* Assets.xcassets */ = {isa = PBXFileReference; lastKnownFileType = folder.assetcatalog; path = Assets.xcassets; sourceTree = "<group>"; };
		AEE03389445F4DA785F23E75 /* EnglishWordKidsWidgetBundle.swift */ = {isa = PBXFileReference; lastKnownFileType = sourcecode.swift; path = EnglishWordKidsWidgetBundle.swift; sourceTree = "<group>"; };
		B6EDF98C1D734D0488BEC45D /* EnglishWordKidsWidget.swift */ = {isa = PBXFileReference; lastKnownFileType = sourcecode.swift; path = EnglishWordKidsWidget.swift; sourceTree = "<group>"; };
		5EF625E322184BB48604D2EE /* Info.plist */ = {isa = PBXFileReference; lastKnownFileType = text.plist.xml; path = Info.plist; sourceTree = "<group>"; };
		46252D44208641C0BE01D9E8 /* words.json */ = {isa = PBXFileReference; lastKnownFileType = text.json; path = words.json; sourceTree = "<group>"; };
/* End PBXFileReference section */

/* Begin PBXFrameworksBuildPhase section */
		1F53D067A6F84D83826CC4BE /* Frameworks */ = {
			isa = PBXFrameworksBuildPhase;
			buildActionMask = 2147483647;
			files = (
			);
			runOnlyForDeploymentPostprocessing = 0;
		};
		2659CE5537E84B0C822A9E3C /* Frameworks */ = {
			isa = PBXFrameworksBuildPhase;
			buildActionMask = 2147483647;
			files = (
				C56C80754A864F74AA4B31D1 /* WidgetKit.framework in Frameworks */,
				59671F760D18497B97A635D2 /* SwiftUI.framework in Frameworks */,
			);
			runOnlyForDeploymentPostprocessing = 0;
		};
/* End PBXFrameworksBuildPhase section */

/* Begin PBXGroup section */
		074E76B0DAC0448BAC4B5F2C = {
			isa = PBXGroup;
			children = (
				F70A0F09017A4866ACFA4EDE /* Shared */,
				619DB12775CE470DBB717512 /* App */,
				36A45B9DD0354F79AA70C88F /* WidgetExtension */,
				047A7EC1663C4C94935D4D02 /* Resources */,
				57B19E101BC34AA2A79D3004 /* Products */,
				53A1800158EC4E01A62EE186 /* WidgetKit.framework */,
				8430EAE45BDE40BF9A35026B /* SwiftUI.framework */,
			);
			sourceTree = "<group>";
		};
		57B19E101BC34AA2A79D3004 /* Products */ = {
			isa = PBXGroup;
			children = (
				0CC85A4DC63042239FA6B4FD /* EnglishWordKids.app */,
				124835260D6541239DF9E671 /* EnglishWordKidsWidget.appex */,
			);
			name = Products;
			sourceTree = "<group>";
		};
		F70A0F09017A4866ACFA4EDE /* Shared */ = {
			isa = PBXGroup;
			children = (
				08B3913C1F964F4AA1D3B7DC /* WordModels.swift */,
				A228589344A44DAC83C9AE7A /* WordStore.swift */,
				096616B0FB1C4BAB962913C1 /* WordSchedule.swift */,
				5F7153EB38A84C2A809CE0C1 /* WordVisualView.swift */,
			);
			path = Shared;
			sourceTree = "<group>";
		};
		619DB12775CE470DBB717512 /* App */ = {
			isa = PBXGroup;
			children = (
				5A9D86CCEA5945C292404758 /* EnglishWordKidsApp.swift */,
				FC09BE2E2E6249C9B316D11F /* RootView.swift */,
				EC5556267E234DFC8491F5DA /* TodayView.swift */,
				BFFCCF55BD9740FBBDA813E0 /* FlashcardView.swift */,
				540191D9C28643FF910996E9 /* BrowseView.swift */,
				59E3AF6705524337968DFED6 /* SpeechHelper.swift */,
				7AFC8444610F44F593D7B547 /* Assets.xcassets */,
			);
			path = App;
			sourceTree = "<group>";
		};
		36A45B9DD0354F79AA70C88F /* WidgetExtension */ = {
			isa = PBXGroup;
			children = (
				AEE03389445F4DA785F23E75 /* EnglishWordKidsWidgetBundle.swift */,
				B6EDF98C1D734D0488BEC45D /* EnglishWordKidsWidget.swift */,
				5EF625E322184BB48604D2EE /* Info.plist */,
			);
			path = WidgetExtension;
			sourceTree = "<group>";
		};
		047A7EC1663C4C94935D4D02 /* Resources */ = {
			isa = PBXGroup;
			children = (
				46252D44208641C0BE01D9E8 /* words.json */,
			);
			path = Resources;
			sourceTree = "<group>";
		};
/* End PBXGroup section */

/* Begin PBXNativeTarget section */
		C537DFBC86794A428DAF4D70 /* EnglishWordKids */ = {
			isa = PBXNativeTarget;
			buildConfigurationList = E1BC606BD86E499199CE1215 /* Build configuration list for PBXNativeTarget "EnglishWordKids" */;
			buildPhases = (
				DBCE110B956E442B88D23A8D /* Sources */,
				1F53D067A6F84D83826CC4BE /* Frameworks */,
				6D0D14F0E7C0473AB82C4473 /* Resources */,
				D8994146BAD7406F8A482FD0 /* Embed Foundation Extensions */,
			);
			buildRules = (
			);
			dependencies = (
				3CF85184D26E4E328834CFEF /* PBXTargetDependency */,
			);
			name = EnglishWordKids;
			productName = EnglishWordKids;
			productReference = 0CC85A4DC63042239FA6B4FD /* EnglishWordKids.app */;
			productType = "com.apple.product-type.application";
		};
		63ADE2D096DD447988D6E5A0 /* EnglishWordKidsWidget */ = {
			isa = PBXNativeTarget;
			buildConfigurationList = 66C740214819432193502491 /* Build configuration list for PBXNativeTarget "EnglishWordKidsWidget" */;
			buildPhases = (
				B69AD97DB8CC4C768B7697D5 /* Sources */,
				2659CE5537E84B0C822A9E3C /* Frameworks */,
				C4914598BED84E92B3B41938 /* Resources */,
			);
			buildRules = (
			);
			dependencies = (
			);
			name = EnglishWordKidsWidget;
			productName = EnglishWordKidsWidget;
			productReference = 124835260D6541239DF9E671 /* EnglishWordKidsWidget.appex */;
			productType = "com.apple.product-type.app-extension";
		};
/* End PBXNativeTarget section */

/* Begin PBXProject section */
		0DF65C99FABA47959D40C049 /* Project object */ = {
			isa = PBXProject;
			attributes = {
				BuildIndependentTargetsInParallel = 1;
				LastSwiftUpdateCheck = 1500;
				LastUpgradeCheck = 1500;
				TargetAttributes = {
					C537DFBC86794A428DAF4D70 = {
						CreatedOnToolsVersion = 15.0;
					};
					63ADE2D096DD447988D6E5A0 = {
						CreatedOnToolsVersion = 15.0;
					};
				};
			};
			buildConfigurationList = 2C8E5CEE105C44DBA57F00F5 /* Build configuration list for PBXProject "EnglishWordKids" */;
			compatibilityVersion = "Xcode 14.0";
			developmentRegion = en;
			hasScannedForEncodings = 0;
			knownRegions = (
				en,
				Base,
				ru,
			);
			mainGroup = 074E76B0DAC0448BAC4B5F2C;
			productRefGroup = 57B19E101BC34AA2A79D3004 /* Products */;
			projectDirPath = "";
			projectRoot = "";
			targets = (
				C537DFBC86794A428DAF4D70 /* EnglishWordKids */,
				63ADE2D096DD447988D6E5A0 /* EnglishWordKidsWidget */,
			);
		};
/* End PBXProject section */

/* Begin PBXResourcesBuildPhase section */
		6D0D14F0E7C0473AB82C4473 /* Resources */ = {
			isa = PBXResourcesBuildPhase;
			buildActionMask = 2147483647;
			files = (
				7904C89A96E242E3A096ACDF /* Assets.xcassets in Resources */,
				2A611346D0A949AD9B3EE05E /* words.json in Resources */,
			);
			runOnlyForDeploymentPostprocessing = 0;
		};
		C4914598BED84E92B3B41938 /* Resources */ = {
			isa = PBXResourcesBuildPhase;
			buildActionMask = 2147483647;
			files = (
				7C30AE8031544413A4D6099A /* words.json in Resources */,
			);
			runOnlyForDeploymentPostprocessing = 0;
		};
/* End PBXResourcesBuildPhase section */

/* Begin PBXSourcesBuildPhase section */
		DBCE110B956E442B88D23A8D /* Sources */ = {
			isa = PBXSourcesBuildPhase;
			buildActionMask = 2147483647;
			files = (
				D2BB6CE2A81544B59FF345EB /* WordModels.swift in Sources */,
				5669B2A1666543ED86447561 /* WordStore.swift in Sources */,
				F9E5929613A9410D822CFE39 /* WordSchedule.swift in Sources */,
				1BB545C91C674540A77ABC1A /* WordVisualView.swift in Sources */,
				6C1DFFEA0B824A3389C7C4C5 /* EnglishWordKidsApp.swift in Sources */,
				04C47544EBD74E3A9A27C517 /* RootView.swift in Sources */,
				FEEADE5DA8FE4EB2A896AB18 /* TodayView.swift in Sources */,
				A45AE9C65B23434B985B55E1 /* FlashcardView.swift in Sources */,
				91F1B6B21A3749AB90DE770D /* BrowseView.swift in Sources */,
				A7782A15FDA243DA8D7A1DF1 /* SpeechHelper.swift in Sources */,
			);
			runOnlyForDeploymentPostprocessing = 0;
		};
		B69AD97DB8CC4C768B7697D5 /* Sources */ = {
			isa = PBXSourcesBuildPhase;
			buildActionMask = 2147483647;
			files = (
				329F729759C64C469B178D65 /* WordModels.swift in Sources */,
				20D46DB78B0C4CA89466AF52 /* WordStore.swift in Sources */,
				250A12FFAB4342D18D8E0A52 /* WordSchedule.swift in Sources */,
				8918149DFF144A5C93843069 /* WordVisualView.swift in Sources */,
				EB24359375A149C99F13BC71 /* EnglishWordKidsWidgetBundle.swift in Sources */,
				52F8F82FDCF64CBEADF62AD1 /* EnglishWordKidsWidget.swift in Sources */,
			);
			runOnlyForDeploymentPostprocessing = 0;
		};
/* End PBXSourcesBuildPhase section */

/* Begin PBXTargetDependency section */
		3CF85184D26E4E328834CFEF /* PBXTargetDependency */ = {
			isa = PBXTargetDependency;
			target = 63ADE2D096DD447988D6E5A0 /* EnglishWordKidsWidget */;
			targetProxy = 231C53349B4D48EDB3724F04 /* PBXContainerItemProxy */;
		};
/* End PBXTargetDependency section */

/* Begin XCBuildConfiguration section */
		A65711A51AAC403FBBF13F5D /* Debug */ = {
			isa = XCBuildConfiguration;
			buildSettings = {
				ALWAYS_SEARCH_USER_PATHS = NO;
				CLANG_ENABLE_MODULES = YES;
				COPY_PHASE_STRIP = NO;
				DEBUG_INFORMATION_FORMAT = dwarf;
				ENABLE_STRICT_OBJC_MSGSEND = YES;
				GCC_DYNAMIC_NO_PIC = NO;
				IPHONEOS_DEPLOYMENT_TARGET = 17.0;
				ONLY_ACTIVE_ARCH = YES;
				SDKROOT = iphoneos;
				SWIFT_VERSION = 5.0;
				SWIFT_ACTIVE_COMPILATION_CONDITIONS = DEBUG;
				SWIFT_OPTIMIZATION_LEVEL = "-Onone";
				GCC_PREPROCESSOR_DEFINITIONS = (
					"DEBUG=1",
					"$(inherited)",
				);
			};
			name = Debug;
		};
		02B590CA64144C148FA601AC /* Release */ = {
			isa = XCBuildConfiguration;
			buildSettings = {
				ALWAYS_SEARCH_USER_PATHS = NO;
				CLANG_ENABLE_MODULES = YES;
				COPY_PHASE_STRIP = NO;
				DEBUG_INFORMATION_FORMAT = dwarf;
				ENABLE_STRICT_OBJC_MSGSEND = YES;
				GCC_DYNAMIC_NO_PIC = NO;
				IPHONEOS_DEPLOYMENT_TARGET = 17.0;
				ONLY_ACTIVE_ARCH = NO;
				SDKROOT = iphoneos;
				SWIFT_VERSION = 5.0;
				SWIFT_COMPILATION_MODE = wholemodule;
				VALIDATE_PRODUCT = YES;
			};
			name = Release;
		};
		5D2835A74197446C82D1087B /* Debug */ = {
			isa = XCBuildConfiguration;
			buildSettings = {
				ASSETCATALOG_COMPILER_APPICON_NAME = AppIcon;
				ASSETCATALOG_COMPILER_GLOBAL_ACCENT_COLOR_NAME = AccentColor;
				CODE_SIGN_STYLE = Automatic;
				CURRENT_PROJECT_VERSION = 1;
				DEVELOPMENT_TEAM = "";
				ENABLE_PREVIEWS = YES;
				GENERATE_INFOPLIST_FILE = YES;
				INFOPLIST_KEY_CFBundleDisplayName = "English Words";
				INFOPLIST_KEY_UIApplicationSceneManifest_Generation = YES;
				INFOPLIST_KEY_UILaunchScreen_Generation = YES;
				INFOPLIST_KEY_UISupportedInterfaceOrientations = UIInterfaceOrientationPortrait;
				LD_RUNPATH_SEARCH_PATHS = (
					"$(inherited)",
					"@executable_path/Frameworks",
				);
				MARKETING_VERSION = 0.1.0;
				PRODUCT_BUNDLE_IDENTIFIER = com.projectsopo.EnglishWordKids;
				PRODUCT_NAME = "$(TARGET_NAME)";
				SUPPORTED_PLATFORMS = "iphoneos iphonesimulator";
				SWIFT_EMIT_LOC_STRINGS = YES;
				TARGETED_DEVICE_FAMILY = 1;
			};
			name = Debug;
		};
		4573544D3A6F4BDAB6018C7A /* Release */ = {
			isa = XCBuildConfiguration;
			buildSettings = {
				ASSETCATALOG_COMPILER_APPICON_NAME = AppIcon;
				ASSETCATALOG_COMPILER_GLOBAL_ACCENT_COLOR_NAME = AccentColor;
				CODE_SIGN_STYLE = Automatic;
				CURRENT_PROJECT_VERSION = 1;
				DEVELOPMENT_TEAM = "";
				ENABLE_PREVIEWS = YES;
				GENERATE_INFOPLIST_FILE = YES;
				INFOPLIST_KEY_CFBundleDisplayName = "English Words";
				INFOPLIST_KEY_UIApplicationSceneManifest_Generation = YES;
				INFOPLIST_KEY_UILaunchScreen_Generation = YES;
				INFOPLIST_KEY_UISupportedInterfaceOrientations = UIInterfaceOrientationPortrait;
				LD_RUNPATH_SEARCH_PATHS = (
					"$(inherited)",
					"@executable_path/Frameworks",
				);
				MARKETING_VERSION = 0.1.0;
				PRODUCT_BUNDLE_IDENTIFIER = com.projectsopo.EnglishWordKids;
				PRODUCT_NAME = "$(TARGET_NAME)";
				SUPPORTED_PLATFORMS = "iphoneos iphonesimulator";
				SWIFT_EMIT_LOC_STRINGS = YES;
				TARGETED_DEVICE_FAMILY = 1;
			};
			name = Release;
		};
		607FE8CA694B44EA8EC6D4BF /* Debug */ = {
			isa = XCBuildConfiguration;
			buildSettings = {
				CODE_SIGN_STYLE = Automatic;
				CURRENT_PROJECT_VERSION = 1;
				DEVELOPMENT_TEAM = "";
				GENERATE_INFOPLIST_FILE = YES;
				INFOPLIST_FILE = WidgetExtension/Info.plist;
				INFOPLIST_KEY_CFBundleDisplayName = "Слово";
				INFOPLIST_KEY_NSHumanReadableCopyright = "";
				LD_RUNPATH_SEARCH_PATHS = (
					"$(inherited)",
					"@executable_path/Frameworks",
					"@executable_path/../../Frameworks",
				);
				MARKETING_VERSION = 0.1.0;
				PRODUCT_BUNDLE_IDENTIFIER = com.projectsopo.EnglishWordKids.Widget;
				PRODUCT_NAME = "$(TARGET_NAME)";
				SKIP_INSTALL = YES;
				SUPPORTED_PLATFORMS = "iphoneos iphonesimulator";
				SWIFT_EMIT_LOC_STRINGS = YES;
				TARGETED_DEVICE_FAMILY = 1;
			};
			name = Debug;
		};
		059B8FE1AD64408F958B5CCA /* Release */ = {
			isa = XCBuildConfiguration;
			buildSettings = {
				CODE_SIGN_STYLE = Automatic;
				CURRENT_PROJECT_VERSION = 1;
				DEVELOPMENT_TEAM = "";
				GENERATE_INFOPLIST_FILE = YES;
				INFOPLIST_FILE = WidgetExtension/Info.plist;
				INFOPLIST_KEY_CFBundleDisplayName = "Слово";
				INFOPLIST_KEY_NSHumanReadableCopyright = "";
				LD_RUNPATH_SEARCH_PATHS = (
					"$(inherited)",
					"@executable_path/Frameworks",
					"@executable_path/../../Frameworks",
				);
				MARKETING_VERSION = 0.1.0;
				PRODUCT_BUNDLE_IDENTIFIER = com.projectsopo.EnglishWordKids.Widget;
				PRODUCT_NAME = "$(TARGET_NAME)";
				SKIP_INSTALL = YES;
				SUPPORTED_PLATFORMS = "iphoneos iphonesimulator";
				SWIFT_EMIT_LOC_STRINGS = YES;
				TARGETED_DEVICE_FAMILY = 1;
			};
			name = Release;
		};
/* End XCBuildConfiguration section */

/* Begin XCConfigurationList section */
		2C8E5CEE105C44DBA57F00F5 /* Build configuration list for PBXProject "EnglishWordKids" */ = {
			isa = XCConfigurationList;
			buildConfigurations = (
				A65711A51AAC403FBBF13F5D /* Debug */,
				02B590CA64144C148FA601AC /* Release */,
			);
			defaultConfigurationIsVisible = 0;
			defaultConfigurationName = Release;
		};
		E1BC606BD86E499199CE1215 /* Build configuration list for PBXNativeTarget "EnglishWordKids" */ = {
			isa = XCConfigurationList;
			buildConfigurations = (
				5D2835A74197446C82D1087B /* Debug */,
				4573544D3A6F4BDAB6018C7A /* Release */,
			);
			defaultConfigurationIsVisible = 0;
			defaultConfigurationName = Release;
		};
		66C740214819432193502491 /* Build configuration list for PBXNativeTarget "EnglishWordKidsWidget" */ = {
			isa = XCConfigurationList;
			buildConfigurations = (
				607FE8CA694B44EA8EC6D4BF /* Debug */,
				059B8FE1AD64408F958B5CCA /* Release */,
			);
			defaultConfigurationIsVisible = 0;
			defaultConfigurationName = Release;
		};
/* End XCConfigurationList section */
	};
	rootObject = 0DF65C99FABA47959D40C049 /* Project object */;
}
